
Microsoft Visual Studio Solution File, Format Version 12.00
# Visual Studio Version 17
VisualStudioVersion = 17.9.34728.123
MinimumVisualStudioVersion = 10.0.40219.1
Project("{9A19103F-16F7-4668-BE54-9A1E7A4F7556}") = "safespace", "safespace\safespace.csproj", "{742A09DA-B039-4072-BFD0-C1F6E0085248}"
EndProject
Global
	GlobalSection(SolutionConfigurationPlatforms) = preSolution
		Debug|Any CPU = Debug|Any CPU
		Release|Any CPU = Release|Any CPU
	EndGlobalSection
	GlobalSection(ProjectConfigurationPlatforms) = postSolution
		{742A09DA-B039-4072-BFD0-C1F6E0085248}.Debug|Any CPU.ActiveCfg = Debug|Any CPU
		{742A09DA-B039-4072-BFD0-C1F6E0085248}.Debug|Any CPU.Build.0 = Debug|Any CPU
		{742A09DA-B039-4072-BFD0-C1F6E0085248}.Release|Any CPU.ActiveCfg = Release|Any CPU
		{742A09DA-B039-4072-BFD0-C1F6E0085248}.Release|Any CPU.Build.0 = Release|Any CPU
	EndGlobalSection
	GlobalSection(SolutionProperties) = preSolution
		HideSolutionNode = FALSE
	EndGlobalSection
	GlobalSection(ExtensibilityGlobals) = postSolution
		SolutionGuid = {A2E720BF-28BC-4FD6-8353-406BACCFB409}
	EndGlobalSection
EndGlobal
